
Microsoft Visual Studio Solution File, Format Version 12.00
# Visual Studio 14
VisualStudioVersion = 14.0.25420.1
MinimumVisualStudioVersion = 10.0.40219.1
Project("{FAE04EC0-301F-11D3-BF4B-00C04F79EFBC}") = "Sender", "Sender\Sender.csproj", "{02779185-B404-4481-AEA5-4646EC2ABBDE}"
EndProject
Project("{FAE04EC0-301F-11D3-BF4B-00C04F79EFBC}") = "SubscriberOne", "SubscriberOne\SubscriberOne.csproj", "{D763DE24-5296-4BD4-BDB7-2BB2BAC2821B}"
EndProject
Project("{FAE04EC0-301F-11D3-BF4B-00C04F79EFBC}") = "SubscriberTwo", "SubscriberTwo\SubscriberTwo.csproj", "{1E7FCE3D-0E02-4457-AF2F-FA16405F9E59}"
EndProject
Global
	GlobalSection(SolutionConfigurationPlatforms) = preSolution
		Debug|Any CPU = Debug|Any CPU
		Release|Any CPU = Release|Any CPU
	EndGlobalSection
	GlobalSection(ProjectConfigurationPlatforms) = postSolution
		{02779185-B404-4481-AEA5-4646EC2ABBDE}.Debug|Any CPU.ActiveCfg = Debug|Any CPU
		{02779185-B404-4481-AEA5-4646EC2ABBDE}.Debug|Any CPU.Build.0 = Debug|Any CPU
		{02779185-B404-4481-AEA5-4646EC2ABBDE}.Release|Any CPU.ActiveCfg = Release|Any CPU
		{02779185-B404-4481-AEA5-4646EC2ABBDE}.Release|Any CPU.Build.0 = Release|Any CPU
		{D763DE24-5296-4BD4-BDB7-2BB2BAC2821B}.Debug|Any CPU.ActiveCfg = Debug|Any CPU
		{D763DE24-5296-4BD4-BDB7-2BB2BAC2821B}.Debug|Any CPU.Build.0 = Debug|Any CPU
		{D763DE24-5296-4BD4-BDB7-2BB2BAC2821B}.Release|Any CPU.ActiveCfg = Release|Any CPU
		{D763DE24-5296-4BD4-BDB7-2BB2BAC2821B}.Release|Any CPU.Build.0 = Release|Any CPU
		{1E7FCE3D-0E02-4457-AF2F-FA16405F9E59}.Debug|Any CPU.ActiveCfg = Debug|Any CPU
		{1E7FCE3D-0E02-4457-AF2F-FA16405F9E59}.Debug|Any CPU.Build.0 = Debug|Any CPU
		{1E7FCE3D-0E02-4457-AF2F-FA16405F9E59}.Release|Any CPU.ActiveCfg = Release|Any CPU
		{1E7FCE3D-0E02-4457-AF2F-FA16405F9E59}.Release|Any CPU.Build.0 = Release|Any CPU
	EndGlobalSection
	GlobalSection(SolutionProperties) = preSolution
		HideSolutionNode = FALSE
	EndGlobalSection
EndGlobal
